github.com/mattn/go-sqlite3 v1.14.7 h1:fxWBnXkxfM6sRiuH3bqJ4CfzZojMOLVc0UTsTglEghA=
github.com/mattn/go-sqlite3 v1.14.7/go.mod h1:NyWgC/yNuGj7Q9rpYnZvas74GogHl5/Z4A/KQRfk6bU=
github.com/semog/go-common v1.0.1 h1:vIGhx5weZGZs6HzCnz3sxc91Xe24B5BdPAFE0WyHzy4=
github.com/semog/go-common v1.0.1/go.mod h1:ApczNRHBHz3I6TGKOZK1fthBvJQmEjZsQsthj/szNU8=
